
Microsoft Visual Studio Solution File, Format Version 12.00
# Visual Studio Version 17
VisualStudioVersion = 17.10.35013.160
MinimumVisualStudioVersion = 10.0.40219.1
Project("{FAE04EC0-301F-11D3-BF4B-00C04F79EFBC}") = "Topic 4 - Assignment", "Topic 4 - Assignment.csproj", "{6DEC3F83-232D-462C-9013-DBEEBD7B3865}"
EndProject
Global
	GlobalSection(SolutionConfigurationPlatforms) = preSolution
		Debug|Any CPU = Debug|Any CPU
		Release|Any CPU = Release|Any CPU
	EndGlobalSection
	GlobalSection(ProjectConfigurationPlatforms) = postSolution
		{6DEC3F83-232D-462C-9013-DBEEBD7B3865}.Debug|Any CPU.ActiveCfg = Debug|Any CPU
		{6DEC3F83-232D-462C-9013-DBEEBD7B3865}.Debug|Any CPU.Build.0 = Debug|Any CPU
		{6DEC3F83-232D-462C-9013-DBEEBD7B3865}.Release|Any CPU.ActiveCfg = Release|Any CPU
		{6DEC3F83-232D-462C-9013-DBEEBD7B3865}.Release|Any CPU.Build.0 = Release|Any CPU
	EndGlobalSection
	GlobalSection(SolutionProperties) = preSolution
		HideSolutionNode = FALSE
	EndGlobalSection
	GlobalSection(ExtensibilityGlobals) = postSolution
		SolutionGuid = {DAE3C0C0-4163-4EDF-9853-7B4D5FC16255}
	EndGlobalSection
EndGlobal
